
Microsoft Visual Studio Solution File, Format Version 12.00
# Visual Studio Version 17
VisualStudioVersion = 17.11.35312.102
MinimumVisualStudioVersion = 10.0.40219.1
Project("{FAE04EC0-301F-11D3-BF4B-00C04F79EFBC}") = "Hafta_4Odev", "Hafta_4Odev\Hafta_4Odev.csproj", "{761C9999-004A-4647-B2E1-5C6B472EC716}"
EndProject
Global
	GlobalSection(SolutionConfigurationPlatforms) = preSolution
		Debug|Any CPU = Debug|Any CPU
		Release|Any CPU = Release|Any CPU
	EndGlobalSection
	GlobalSection(ProjectConfigurationPlatforms) = postSolution
		{761C9999-004A-4647-B2E1-5C6B472EC716}.Debug|Any CPU.ActiveCfg = Debug|Any CPU
		{761C9999-004A-4647-B2E1-5C6B472EC716}.Debug|Any CPU.Build.0 = Debug|Any CPU
		{761C9999-004A-4647-B2E1-5C6B472EC716}.Release|Any CPU.ActiveCfg = Release|Any CPU
		{761C9999-004A-4647-B2E1-5C6B472EC716}.Release|Any CPU.Build.0 = Release|Any CPU
	EndGlobalSection
	GlobalSection(SolutionProperties) = preSolution
		HideSolutionNode = FALSE
	EndGlobalSection
	GlobalSection(ExtensibilityGlobals) = postSolution
		SolutionGuid = {8693B803-AABC-4643-BCF6-E17C77EA8D0B}
	EndGlobalSection
EndGlobal
